# THIS IS AN AUTOGENERATED FILE. DO NOT EDIT THIS FILE DIRECTLY.
# yarn lockfile v1


lunr-languages@^1.0.0:
  version "1.0.0"
  resolved "https://registry.yarnpkg.com/lunr-languages/-/lunr-languages-1.0.0.tgz#830bca2fe864b713ebe13ff33ed48ee06e635723"
  integrity sha1-gwvKL+hktxPr4T/zPtSO4G5jVyM=

lunr@^2.3.5:
  version "2.3.5"
  resolved "https://registry.yarnpkg.com/lunr/-/lunr-2.3.5.tgz#7b510bad57e948dfb99a71fdff00c1bf9171bdda"
  integrity sha512-EtnfmHsHJTr3u24sito9JctSxej5Ds0SgUD2Lm+qRHyLgM7BGesFlW14eNh1mil0fV5Muh8gf3dBBXzADlUlzQ==

subtitles-parser@^0.0.2:
  version "0.0.2"
  resolved "https://registry.yarnpkg.com/subtitles-parser/-/subtitles-parser-0.0.2.tgz#cf2fcc3e397b1c7f831e1365f6b3ce37d3155194"
  integrity sha1-zy/MPjl7HH+DHhNl9rPON9MVUZQ=
