# THIS IS AN AUTOGENERATED FILE. DO NOT EDIT THIS FILE DIRECTLY.
# yarn lockfile v1


flexsearch@^0.3.61:
  version "0.3.61"
  resolved "https://registry.yarnpkg.com/flexsearch/-/flexsearch-0.3.61.tgz#ca65068bfc81e6738a92b55c1036f6ffb30eaed0"
  integrity sha512-CrzQDICJggD0X41gV2PR6JiACdqWTQiGRqjyt2EaBLJVmOI0+/KaJC69AIOVjzE2yw3pzzyrHYo+hpxdKUQlpg==

subtitles-parser@^0.0.2:
  version "0.0.2"
  resolved "https://registry.yarnpkg.com/subtitles-parser/-/subtitles-parser-0.0.2.tgz#cf2fcc3e397b1c7f831e1365f6b3ce37d3155194"
  integrity sha1-zy/MPjl7HH+DHhNl9rPON9MVUZQ=

tiny-segmenter@^0.2.0:
  version "0.2.0"
  resolved "https://registry.yarnpkg.com/tiny-segmenter/-/tiny-segmenter-0.2.0.tgz#4f91115efaa90d1f98b481623b0dcc830a9e1a69"
  integrity sha1-T5ERXvqpDR+YtIFiOw3MgwqeGmk=
